{
    "_readme": [
        "This file locks the dependencies of your project to a known state",
        "Read more about it at https://getcomposer.org/doc/01-basic-usage.md#installing-dependencies",
        "This file is @generated automatically"
    ],
    "content-hash": "2876fee604c602a5583dfc35007eb987",
    "packages": [
        {
            "name": "digital-nature/wordpress-utilities",
            "version": "v0.0.1",
            "source": {
                "type": "git",
                "url": "https://github.com/Digital-Nature-LTD/wordpress-utilities.git",
                "reference": "998e28ae6421a2fec65dfd3e9a85b6c5c167c4e8"
            },
            "dist": {
                "type": "zip",
                "url": "https://api.github.com/repos/Digital-Nature-LTD/wordpress-utilities/zipball/998e28ae6421a2fec65dfd3e9a85b6c5c167c4e8",
                "reference": "998e28ae6421a2fec65dfd3e9a85b6c5c167c4e8",
                "shasum": ""
            },
            "type": "library",
            "autoload": {
                "psr-4": {
                    "DigitalNature\\WordPressUtilities\\": "src/"
                }
            },
            "notification-url": "https://packagist.org/downloads/",
            "authors": [
                {
                    "name": "Digital Nature",
                    "email": "hello@digital-nature.co.uk"
                }
            ],
            "description": "General utilities for use in WordPress websites",
            "support": {
                "issues": "https://github.com/Digital-Nature-LTD/wordpress-utilities/issues",
                "source": "https://github.com/Digital-Nature-LTD/wordpress-utilities/tree/v0.0.1"
            },
            "time": "2025-04-08T16:33:06+00:00"
        }
    ],
    "packages-dev": [],
    "aliases": [],
    "minimum-stability": "stable",
    "stability-flags": [],
    "prefer-stable": false,
    "prefer-lowest": false,
    "platform": [],
    "platform-dev": [],
    "plugin-api-version": "2.6.0"
}
