{
    "_readme": [
        "This file locks the dependencies of your project to a known state",
        "Read more about it at https://getcomposer.org/doc/01-basic-usage.md#installing-dependencies",
        "This file is @generated automatically"
    ],
    "content-hash": "de24fa8cb51d82843dacf6e26ffdc0ff",
    "packages": [
        {
            "name": "digital-nature/wordpress-utilities",
            "version": "v0.0.12",
            "source": {
                "type": "git",
                "url": "https://github.com/Digital-Nature-LTD/wordpress-utilities.git",
                "reference": "38a96dec0b4efcc558ae5f4301ace61103e90485"
            },
            "dist": {
                "type": "zip",
                "url": "https://api.github.com/repos/Digital-Nature-LTD/wordpress-utilities/zipball/38a96dec0b4efcc558ae5f4301ace61103e90485",
                "reference": "38a96dec0b4efcc558ae5f4301ace61103e90485",
                "shasum": ""
            },
            "type": "library",
            "autoload": {
                "psr-4": {
                    "DigitalNature\\WordPressUtilities\\": "src/"
                }
            },
            "notification-url": "https://packagist.org/downloads/",
            "license": [
                "MIT"
            ],
            "authors": [
                {
                    "name": "Digital Nature",
                    "email": "hello@digital-nature.co.uk"
                }
            ],
            "description": "General utilities for use in WordPress websites",
            "support": {
                "issues": "https://github.com/Digital-Nature-LTD/wordpress-utilities/issues",
                "source": "https://github.com/Digital-Nature-LTD/wordpress-utilities/tree/v0.0.12"
            },
            "time": "2025-04-16T10:00:17+00:00"
        }
    ],
    "packages-dev": [],
    "aliases": [],
    "minimum-stability": "stable",
    "stability-flags": [],
    "prefer-stable": false,
    "prefer-lowest": false,
    "platform": [],
    "platform-dev": [],
    "plugin-api-version": "2.6.0"
}
